
Microsoft Visual Studio Solution File, Format Version 12.00
# Visual Studio 15
VisualStudioVersion = 15.0.27703.2018
MinimumVisualStudioVersion = 10.0.40219.1
Project("{FAE04EC0-301F-11D3-BF4B-00C04F79EFBC}") = "Voice_Common", "Voice_Common\Voice_Common.csproj", "{25047145-8C97-4F46-B4A3-C460E399F747}"
EndProject
Project("{FAE04EC0-301F-11D3-BF4B-00C04F79EFBC}") = "Voice_Control", "Voice_Control\Voice_Control.csproj", "{6817E3A5-9995-4A91-B252-8BB1E67F3427}"
EndProject
Project("{FAE04EC0-301F-11D3-BF4B-00C04F79EFBC}") = "Voice_Core", "Voice_Core\Voice_Core.csproj", "{0EC68D6C-C846-4E58-AB1E-2C4C7F045569}"
EndProject
Project("{FAE04EC0-301F-11D3-BF4B-00C04F79EFBC}") = "Voice_Recognition", "Voice_Recognition\Voice_Recognition.csproj", "{9645CAF5-B91E-4C40-9F4B-1044F9265326}"
EndProject
Project("{FAE04EC0-301F-11D3-BF4B-00C04F79EFBC}") = "WorkingScreen", "Voice_WorkingScreen\WorkingScreen.csproj", "{83355FC0-0486-4FE5-92D6-324FB17DFBB9}"
EndProject
Global
	GlobalSection(SolutionConfigurationPlatforms) = preSolution
		Debug|Any CPU = Debug|Any CPU
		Debug|x64 = Debug|x64
		Debug|x86 = Debug|x86
		Release|Any CPU = Release|Any CPU
		Release|x64 = Release|x64
		Release|x86 = Release|x86
	EndGlobalSection
	GlobalSection(ProjectConfigurationPlatforms) = postSolution
		{25047145-8C97-4F46-B4A3-C460E399F747}.Debug|Any CPU.ActiveCfg = Debug|Any CPU
		{25047145-8C97-4F46-B4A3-C460E399F747}.Debug|Any CPU.Build.0 = Debug|Any CPU
		{25047145-8C97-4F46-B4A3-C460E399F747}.Debug|x64.ActiveCfg = Debug|Any CPU
		{25047145-8C97-4F46-B4A3-C460E399F747}.Debug|x64.Build.0 = Debug|Any CPU
		{25047145-8C97-4F46-B4A3-C460E399F747}.Debug|x86.ActiveCfg = Debug|Any CPU
		{25047145-8C97-4F46-B4A3-C460E399F747}.Debug|x86.Build.0 = Debug|Any CPU
		{25047145-8C97-4F46-B4A3-C460E399F747}.Release|Any CPU.ActiveCfg = Release|Any CPU
		{25047145-8C97-4F46-B4A3-C460E399F747}.Release|Any CPU.Build.0 = Release|Any CPU
		{25047145-8C97-4F46-B4A3-C460E399F747}.Release|x64.ActiveCfg = Release|Any CPU
		{25047145-8C97-4F46-B4A3-C460E399F747}.Release|x64.Build.0 = Release|Any CPU
		{25047145-8C97-4F46-B4A3-C460E399F747}.Release|x86.ActiveCfg = Release|Any CPU
		{25047145-8C97-4F46-B4A3-C460E399F747}.Release|x86.Build.0 = Release|Any CPU
		{6817E3A5-9995-4A91-B252-8BB1E67F3427}.Debug|Any CPU.ActiveCfg = Debug|Any CPU
		{6817E3A5-9995-4A91-B252-8BB1E67F3427}.Debug|Any CPU.Build.0 = Debug|Any CPU
		{6817E3A5-9995-4A91-B252-8BB1E67F3427}.Debug|x64.ActiveCfg = Debug|Any CPU
		{6817E3A5-9995-4A91-B252-8BB1E67F3427}.Debug|x64.Build.0 = Debug|Any CPU
		{6817E3A5-9995-4A91-B252-8BB1E67F3427}.Debug|x86.ActiveCfg = Debug|Any CPU
		{6817E3A5-9995-4A91-B252-8BB1E67F3427}.Debug|x86.Build.0 = Debug|Any CPU
		{6817E3A5-9995-4A91-B252-8BB1E67F3427}.Release|Any CPU.ActiveCfg = Release|Any CPU
		{6817E3A5-9995-4A91-B252-8BB1E67F3427}.Release|Any CPU.Build.0 = Release|Any CPU
		{6817E3A5-9995-4A91-B252-8BB1E67F3427}.Release|x64.ActiveCfg = Release|Any CPU
		{6817E3A5-9995-4A91-B252-8BB1E67F3427}.Release|x64.Build.0 = Release|Any CPU
		{6817E3A5-9995-4A91-B252-8BB1E67F3427}.Release|x86.ActiveCfg = Release|Any CPU
		{6817E3A5-9995-4A91-B252-8BB1E67F3427}.Release|x86.Build.0 = Release|Any CPU
		{0EC68D6C-C846-4E58-AB1E-2C4C7F045569}.Debug|Any CPU.ActiveCfg = Debug|Any CPU
		{0EC68D6C-C846-4E58-AB1E-2C4C7F045569}.Debug|Any CPU.Build.0 = Debug|Any CPU
		{0EC68D6C-C846-4E58-AB1E-2C4C7F045569}.Debug|x64.ActiveCfg = Debug|Any CPU
		{0EC68D6C-C846-4E58-AB1E-2C4C7F045569}.Debug|x64.Build.0 = Debug|Any CPU
		{0EC68D6C-C846-4E58-AB1E-2C4C7F045569}.Debug|x86.ActiveCfg = Debug|Any CPU
		{0EC68D6C-C846-4E58-AB1E-2C4C7F045569}.Debug|x86.Build.0 = Debug|Any CPU
		{0EC68D6C-C846-4E58-AB1E-2C4C7F045569}.Release|Any CPU.ActiveCfg = Release|Any CPU
		{0EC68D6C-C846-4E58-AB1E-2C4C7F045569}.Release|Any CPU.Build.0 = Release|Any CPU
		{0EC68D6C-C846-4E58-AB1E-2C4C7F045569}.Release|x64.ActiveCfg = Release|Any CPU
		{0EC68D6C-C846-4E58-AB1E-2C4C7F045569}.Release|x64.Build.0 = Release|Any CPU
		{0EC68D6C-C846-4E58-AB1E-2C4C7F045569}.Release|x86.ActiveCfg = Release|Any CPU
		{0EC68D6C-C846-4E58-AB1E-2C4C7F045569}.Release|x86.Build.0 = Release|Any CPU
		{9645CAF5-B91E-4C40-9F4B-1044F9265326}.Debug|Any CPU.ActiveCfg = Debug|Any CPU
		{9645CAF5-B91E-4C40-9F4B-1044F9265326}.Debug|Any CPU.Build.0 = Debug|Any CPU
		{9645CAF5-B91E-4C40-9F4B-1044F9265326}.Debug|x64.ActiveCfg = Debug|Any CPU
		{9645CAF5-B91E-4C40-9F4B-1044F9265326}.Debug|x64.Build.0 = Debug|Any CPU
		{9645CAF5-B91E-4C40-9F4B-1044F9265326}.Debug|x86.ActiveCfg = Debug|Any CPU
		{9645CAF5-B91E-4C40-9F4B-1044F9265326}.Debug|x86.Build.0 = Debug|Any CPU
		{9645CAF5-B91E-4C40-9F4B-1044F9265326}.Release|Any CPU.ActiveCfg = Release|Any CPU
		{9645CAF5-B91E-4C40-9F4B-1044F9265326}.Release|Any CPU.Build.0 = Release|Any CPU
		{9645CAF5-B91E-4C40-9F4B-1044F9265326}.Release|x64.ActiveCfg = Release|Any CPU
		{9645CAF5-B91E-4C40-9F4B-1044F9265326}.Release|x64.Build.0 = Release|Any CPU
		{9645CAF5-B91E-4C40-9F4B-1044F9265326}.Release|x86.ActiveCfg = Release|Any CPU
		{9645CAF5-B91E-4C40-9F4B-1044F9265326}.Release|x86.Build.0 = Release|Any CPU
		{83355FC0-0486-4FE5-92D6-324FB17DFBB9}.Debug|Any CPU.ActiveCfg = Debug|Any CPU
		{83355FC0-0486-4FE5-92D6-324FB17DFBB9}.Debug|Any CPU.Build.0 = Debug|Any CPU
		{83355FC0-0486-4FE5-92D6-324FB17DFBB9}.Debug|x64.ActiveCfg = Debug|x64
		{83355FC0-0486-4FE5-92D6-324FB17DFBB9}.Debug|x64.Build.0 = Debug|x64
		{83355FC0-0486-4FE5-92D6-324FB17DFBB9}.Debug|x86.ActiveCfg = Debug|x86
		{83355FC0-0486-4FE5-92D6-324FB17DFBB9}.Debug|x86.Build.0 = Debug|x86
		{83355FC0-0486-4FE5-92D6-324FB17DFBB9}.Release|Any CPU.ActiveCfg = Release|Any CPU
		{83355FC0-0486-4FE5-92D6-324FB17DFBB9}.Release|Any CPU.Build.0 = Release|Any CPU
		{83355FC0-0486-4FE5-92D6-324FB17DFBB9}.Release|x64.ActiveCfg = Release|x64
		{83355FC0-0486-4FE5-92D6-324FB17DFBB9}.Release|x64.Build.0 = Release|x64
		{83355FC0-0486-4FE5-92D6-324FB17DFBB9}.Release|x86.ActiveCfg = Release|x86
		{83355FC0-0486-4FE5-92D6-324FB17DFBB9}.Release|x86.Build.0 = Release|x86
	EndGlobalSection
	GlobalSection(SolutionProperties) = preSolution
		HideSolutionNode = FALSE
	EndGlobalSection
	GlobalSection(ExtensibilityGlobals) = postSolution
		SolutionGuid = {D6D5639F-9AB3-4FAD-B8E0-51DE14589C00}
	EndGlobalSection
EndGlobal
